
Microsoft Visual Studio Solution File, Format Version 12.00
# Visual Studio 15
VisualStudioVersion = 15.0.26430.13
MinimumVisualStudioVersion = 10.0.40219.1
Project("{FAE04EC0-301F-11D3-BF4B-00C04F79EFBC}") = "DockerCoreSample", "DockerCoreSample\DockerCoreSample.csproj", "{FB3D851D-EF0F-4A94-A78A-D8F226A1F4A0}"
EndProject
Project("{E53339B2-1760-4266-BCC7-CA923CBCF16C}") = "docker-compose", "docker-compose.dcproj", "{BB1E20AE-C8A8-4178-8C03-68DD6983EDDD}"
EndProject
Global
	GlobalSection(SolutionConfigurationPlatforms) = preSolution
		Debug|Any CPU = Debug|Any CPU
		Release|Any CPU = Release|Any CPU
	EndGlobalSection
	GlobalSection(ProjectConfigurationPlatforms) = postSolution
		{FB3D851D-EF0F-4A94-A78A-D8F226A1F4A0}.Debug|Any CPU.ActiveCfg = Debug|Any CPU
		{FB3D851D-EF0F-4A94-A78A-D8F226A1F4A0}.Debug|Any CPU.Build.0 = Debug|Any CPU
		{FB3D851D-EF0F-4A94-A78A-D8F226A1F4A0}.Release|Any CPU.ActiveCfg = Release|Any CPU
		{FB3D851D-EF0F-4A94-A78A-D8F226A1F4A0}.Release|Any CPU.Build.0 = Release|Any CPU
		{BB1E20AE-C8A8-4178-8C03-68DD6983EDDD}.Debug|Any CPU.ActiveCfg = Debug|Any CPU
		{BB1E20AE-C8A8-4178-8C03-68DD6983EDDD}.Debug|Any CPU.Build.0 = Debug|Any CPU
		{BB1E20AE-C8A8-4178-8C03-68DD6983EDDD}.Release|Any CPU.ActiveCfg = Release|Any CPU
		{BB1E20AE-C8A8-4178-8C03-68DD6983EDDD}.Release|Any CPU.Build.0 = Release|Any CPU
	EndGlobalSection
	GlobalSection(SolutionProperties) = preSolution
		HideSolutionNode = FALSE
	EndGlobalSection
EndGlobal
